
Microsoft Visual Studio Solution File, Format Version 12.00
# Visual Studio Version 17
VisualStudioVersion = 17.6.33829.357
MinimumVisualStudioVersion = 10.0.40219.1
Project("{9A19103F-16F7-4668-BE54-9A1E7A4F7556}") = "ContactManager", "ContactManager\ContactManager.csproj", "{3E23957E-E7EE-4E8E-B7BB-217D92FC174A}"
EndProject
Project("{9A19103F-16F7-4668-BE54-9A1E7A4F7556}") = "DataAccess", "DataAccess\DataAccess.csproj", "{43F77536-A0D5-49EB-B5AC-518902156E96}"
EndProject
Project("{9A19103F-16F7-4668-BE54-9A1E7A4F7556}") = "BusinessLogic", "BusinessLogic\BusinessLogic.csproj", "{EC2072C1-BA8A-4835-AD91-3D938EBFD170}"
EndProject
Project("{2150E333-8FDC-42A3-9474-1A3956D46DE8}") = "Resourses", "Resourses", "{6E1A5E51-B171-4CF8-B43B-257DD84018FE}"
	ProjectSection(SolutionItems) = preProject
		..\..\..\Desktop\file.csv = ..\..\..\Desktop\file.csv
	EndProjectSection
EndProject
Global
	GlobalSection(SolutionConfigurationPlatforms) = preSolution
		Debug|Any CPU = Debug|Any CPU
		Release|Any CPU = Release|Any CPU
	EndGlobalSection
	GlobalSection(ProjectConfigurationPlatforms) = postSolution
		{3E23957E-E7EE-4E8E-B7BB-217D92FC174A}.Debug|Any CPU.ActiveCfg = Debug|Any CPU
		{3E23957E-E7EE-4E8E-B7BB-217D92FC174A}.Debug|Any CPU.Build.0 = Debug|Any CPU
		{3E23957E-E7EE-4E8E-B7BB-217D92FC174A}.Release|Any CPU.ActiveCfg = Release|Any CPU
		{3E23957E-E7EE-4E8E-B7BB-217D92FC174A}.Release|Any CPU.Build.0 = Release|Any CPU
		{43F77536-A0D5-49EB-B5AC-518902156E96}.Debug|Any CPU.ActiveCfg = Debug|Any CPU
		{43F77536-A0D5-49EB-B5AC-518902156E96}.Debug|Any CPU.Build.0 = Debug|Any CPU
		{43F77536-A0D5-49EB-B5AC-518902156E96}.Release|Any CPU.ActiveCfg = Release|Any CPU
		{43F77536-A0D5-49EB-B5AC-518902156E96}.Release|Any CPU.Build.0 = Release|Any CPU
		{EC2072C1-BA8A-4835-AD91-3D938EBFD170}.Debug|Any CPU.ActiveCfg = Debug|Any CPU
		{EC2072C1-BA8A-4835-AD91-3D938EBFD170}.Debug|Any CPU.Build.0 = Debug|Any CPU
		{EC2072C1-BA8A-4835-AD91-3D938EBFD170}.Release|Any CPU.ActiveCfg = Release|Any CPU
		{EC2072C1-BA8A-4835-AD91-3D938EBFD170}.Release|Any CPU.Build.0 = Release|Any CPU
	EndGlobalSection
	GlobalSection(SolutionProperties) = preSolution
		HideSolutionNode = FALSE
	EndGlobalSection
	GlobalSection(ExtensibilityGlobals) = postSolution
		SolutionGuid = {5E9A4FC3-6469-43CB-96BA-B6F12F4A01C2}
	EndGlobalSection
EndGlobal
